{
  "name": "ajs_2",
  "version": "1.0.0",
  "lockfileVersion": 2,
  "requires": true,
  "packages": {
    "": {
      "name": "ajs_2",
      "version": "1.0.0",
      "license": "ISC",
      "dependencies": {
        "@maraconi/ajs": "^1.0.0"
      }
    },
    "node_modules/@maraconi/ajs": {
      "version": "1.0.0",
      "resolved": "https://npm.pkg.github.com/download/@maraconi/ajs/1.0.0/1e584a4857f285bd328e6a67b36a94be2943b3de1a1b370afb1a6c51bb8bc9f1",
      "integrity": "sha512-Pig0/xVj0Y5M+Dx3BGRNKd5gwbqaIUorb1wxUpdIUxKeMpqIf8QDapoCxm7ZVXGKw8IqU88PiHfSgyMPwMFnlQ==",
      "license": "ISC"
    }
  },
  "dependencies": {
    "@maraconi/ajs": {
      "version": "1.0.0",
      "resolved": "https://npm.pkg.github.com/download/@maraconi/ajs/1.0.0/1e584a4857f285bd328e6a67b36a94be2943b3de1a1b370afb1a6c51bb8bc9f1",
      "integrity": "sha512-Pig0/xVj0Y5M+Dx3BGRNKd5gwbqaIUorb1wxUpdIUxKeMpqIf8QDapoCxm7ZVXGKw8IqU88PiHfSgyMPwMFnlQ=="
    }
  }
}
